// !$*UTF8*$!
{
	archiveVersion = 1;
	classes = {
	};
	objectVersion = 77;
	objects = {

/* Begin PBXBuildFile section */
		292CC88151175B4F025A338F /* Pods_apns_with_fcm_pushyTests.framework in Frameworks */ = {isa = PBXBuildFile; fileRef = B2442FDFDB2154D1EAB429FD /* Pods_apns_with_fcm_pushyTests.framework */; };
		77C7D80A5586EE97E16E516C /* Pods_apns_with_fcm_pushy_apns_with_fcm_pushyUITests.framework in Frameworks */ = {isa = PBXBuildFile; fileRef = 550D6AAF8E2C9FF37B32122C /* Pods_apns_with_fcm_pushy_apns_with_fcm_pushyUITests.framework */; };
		F33F4242634CA1A65F7F696D /* Pods_apns_with_fcm_pushy.framework in Frameworks */ = {isa = PBXBuildFile; fileRef = D65022235A28AA9FEFE051F7 /* Pods_apns_with_fcm_pushy.framework */; };
/* End PBXBuildFile section */

/* Begin PBXContainerItemProxy section */
		84BD774A2DACC60C0076E97A /* PBXContainerItemProxy */ = {
			isa = PBXContainerItemProxy;
			containerPortal = 84BD772B2DACC60A0076E97A /* Project object */;
			proxyType = 1;
			remoteGlobalIDString = 84BD77322DACC60A0076E97A;
			remoteInfo = apns_with_fcm_pushy;
		};
		84BD77542DACC60C0076E97A /* PBXContainerItemProxy */ = {
			isa = PBXContainerItemProxy;
			containerPortal = 84BD772B2DACC60A0076E97A /* Project object */;
			proxyType = 1;
			remoteGlobalIDString = 84BD77322DACC60A0076E97A;
			remoteInfo = apns_with_fcm_pushy;
		};
/* End PBXContainerItemProxy section */

/* Begin PBXFileReference section */
		18E36CB51F4F4BD9EBAE9951 /* Pods-apns_with_fcm_pushy-apns_with_fcm_pushyUITests.release.xcconfig */ = {isa = PBXFileReference; includeInIndex = 1; lastKnownFileType = text.xcconfig; name = "Pods-apns_with_fcm_pushy-apns_with_fcm_pushyUITests.release.xcconfig"; path = "Target Support Files/Pods-apns_with_fcm_pushy-apns_with_fcm_pushyUITests/Pods-apns_with_fcm_pushy-apns_with_fcm_pushyUITests.release.xcconfig"; sourceTree = "<group>"; };
		2699EB7FC2F762CFF6A74C01 /* Pods-apns_with_fcm_pushyTests.debug.xcconfig */ = {isa = PBXFileReference; includeInIndex = 1; lastKnownFileType = text.xcconfig; name = "Pods-apns_with_fcm_pushyTests.debug.xcconfig"; path = "Target Support Files/Pods-apns_with_fcm_pushyTests/Pods-apns_with_fcm_pushyTests.debug.xcconfig"; sourceTree = "<group>"; };
		409FE57AA59D0343AB23061E /* Pods-apns_with_fcm_pushy.debug.xcconfig */ = {isa = PBXFileReference; includeInIndex = 1; lastKnownFileType = text.xcconfig; name = "Pods-apns_with_fcm_pushy.debug.xcconfig"; path = "Target Support Files/Pods-apns_with_fcm_pushy/Pods-apns_with_fcm_pushy.debug.xcconfig"; sourceTree = "<group>"; };
		550D6AAF8E2C9FF37B32122C /* Pods_apns_with_fcm_pushy_apns_with_fcm_pushyUITests.framework */ = {isa = PBXFileReference; explicitFileType = wrapper.framework; includeInIndex = 0; path = Pods_apns_with_fcm_pushy_apns_with_fcm_pushyUITests.framework; sourceTree = BUILT_PRODUCTS_DIR; };
		64AF56E1B9D85E2F581CB9B1 /* Pods-apns_with_fcm_pushy.release.xcconfig */ = {isa = PBXFileReference; includeInIndex = 1; lastKnownFileType = text.xcconfig; name = "Pods-apns_with_fcm_pushy.release.xcconfig"; path = "Target Support Files/Pods-apns_with_fcm_pushy/Pods-apns_with_fcm_pushy.release.xcconfig"; sourceTree = "<group>"; };
		84BD77332DACC60A0076E97A /* apns_with_fcm_pushy.app */ = {isa = PBXFileReference; explicitFileType = wrapper.application; includeInIndex = 0; path = apns_with_fcm_pushy.app; sourceTree = BUILT_PRODUCTS_DIR; };
		84BD77492DACC60C0076E97A /* apns_with_fcm_pushyTests.xctest */ = {isa = PBXFileReference; explicitFileType = wrapper.cfbundle; includeInIndex = 0; path = apns_with_fcm_pushyTests.xctest; sourceTree = BUILT_PRODUCTS_DIR; };
		84BD77532DACC60C0076E97A /* apns_with_fcm_pushyUITests.xctest */ = {isa = PBXFileReference; explicitFileType = wrapper.cfbundle; includeInIndex = 0; path = apns_with_fcm_pushyUITests.xctest; sourceTree = BUILT_PRODUCTS_DIR; };
		AD28C7BBD6562913A5F40E48 /* Pods-apns_with_fcm_pushyTests.release.xcconfig */ = {isa = PBXFileReference; includeInIndex = 1; lastKnownFileType = text.xcconfig; name = "Pods-apns_with_fcm_pushyTests.release.xcconfig"; path = "Target Support Files/Pods-apns_with_fcm_pushyTests/Pods-apns_with_fcm_pushyTests.release.xcconfig"; sourceTree = "<group>"; };
		B2442FDFDB2154D1EAB429FD /* Pods_apns_with_fcm_pushyTests.framework */ = {isa = PBXFileReference; explicitFileType = wrapper.framework; includeInIndex = 0; path = Pods_apns_with_fcm_pushyTests.framework; sourceTree = BUILT_PRODUCTS_DIR; };
		D10D42CC3EAC41C2A3555ECA /* Pods-apns_with_fcm_pushy-apns_with_fcm_pushyUITests.debug.xcconfig */ = {isa = PBXFileReference; includeInIndex = 1; lastKnownFileType = text.xcconfig; name = "Pods-apns_with_fcm_pushy-apns_with_fcm_pushyUITests.debug.xcconfig"; path = "Target Support Files/Pods-apns_with_fcm_pushy-apns_with_fcm_pushyUITests/Pods-apns_with_fcm_pushy-apns_with_fcm_pushyUITests.debug.xcconfig"; sourceTree = "<group>"; };
		D65022235A28AA9FEFE051F7 /* Pods_apns_with_fcm_pushy.framework */ = {isa = PBXFileReference; explicitFileType = wrapper.framework; includeInIndex = 0; path = Pods_apns_with_fcm_pushy.framework; sourceTree = BUILT_PRODUCTS_DIR; };
/* End PBXFileReference section */

/* Begin PBXFileSystemSynchronizedBuildFileExceptionSet section */
		84BD775B2DACC60C0076E97A /* Exceptions for "apns_with_fcm_pushy" folder in "apns_with_fcm_pushy" target */ = {
			isa = PBXFileSystemSynchronizedBuildFileExceptionSet;
			membershipExceptions = (
				Info.plist,
			);
			target = 84BD77322DACC60A0076E97A /* apns_with_fcm_pushy */;
		};
/* End PBXFileSystemSynchronizedBuildFileExceptionSet section */

/* Begin PBXFileSystemSynchronizedRootGroup section */
		84BD77352DACC60A0076E97A /* apns_with_fcm_pushy */ = {
			isa = PBXFileSystemSynchronizedRootGroup;
			exceptions = (
				84BD775B2DACC60C0076E97A /* Exceptions for "apns_with_fcm_pushy" folder in "apns_with_fcm_pushy" target */,
			);
			path = apns_with_fcm_pushy;
			sourceTree = "<group>";
		};
		84BD774C2DACC60C0076E97A /* apns_with_fcm_pushyTests */ = {
			isa = PBXFileSystemSynchronizedRootGroup;
			exceptions = (
			);
			path = apns_with_fcm_pushyTests;
			sourceTree = "<group>";
		};
		84BD77562DACC60C0076E97A /* apns_with_fcm_pushyUITests */ = {
			isa = PBXFileSystemSynchronizedRootGroup;
			exceptions = (
			);
			path = apns_with_fcm_pushyUITests;
			sourceTree = "<group>";
		};
/* End PBXFileSystemSynchronizedRootGroup section */

/* Begin PBXFrameworksBuildPhase section */
		84BD77302DACC60A0076E97A /* Frameworks */ = {
			isa = PBXFrameworksBuildPhase;
			buildActionMask = 2147483647;
			files = (
				F33F4242634CA1A65F7F696D /* Pods_apns_with_fcm_pushy.framework in Frameworks */,
			);
			runOnlyForDeploymentPostprocessing = 0;
		};
		84BD77462DACC60C0076E97A /* Frameworks */ = {
			isa = PBXFrameworksBuildPhase;
			buildActionMask = 2147483647;
			files = (
				292CC88151175B4F025A338F /* Pods_apns_with_fcm_pushyTests.framework in Frameworks */,
			);
			runOnlyForDeploymentPostprocessing = 0;
		};
		84BD77502DACC60C0076E97A /* Frameworks */ = {
			isa = PBXFrameworksBuildPhase;
			buildActionMask = 2147483647;
			files = (
				77C7D80A5586EE97E16E516C /* Pods_apns_with_fcm_pushy_apns_with_fcm_pushyUITests.framework in Frameworks */,
			);
			runOnlyForDeploymentPostprocessing = 0;
		};
/* End PBXFrameworksBuildPhase section */

/* Begin PBXGroup section */
		84BD772A2DACC60A0076E97A = {
			isa = PBXGroup;
			children = (
				84BD77352DACC60A0076E97A /* apns_with_fcm_pushy */,
				84BD774C2DACC60C0076E97A /* apns_with_fcm_pushyTests */,
				84BD77562DACC60C0076E97A /* apns_with_fcm_pushyUITests */,
				84BD77342DACC60A0076E97A /* Products */,
				A3480E727F51A323D3B05FD9 /* Pods */,
				EABFECBE7160EFCA9F763CE6 /* Frameworks */,
			);
			sourceTree = "<group>";
		};
		84BD77342DACC60A0076E97A /* Products */ = {
			isa = PBXGroup;
			children = (
				84BD77332DACC60A0076E97A /* apns_with_fcm_pushy.app */,
				84BD77492DACC60C0076E97A /* apns_with_fcm_pushyTests.xctest */,
				84BD77532DACC60C0076E97A /* apns_with_fcm_pushyUITests.xctest */,
			);
			name = Products;
			sourceTree = "<group>";
		};
		A3480E727F51A323D3B05FD9 /* Pods */ = {
			isa = PBXGroup;
			children = (
				409FE57AA59D0343AB23061E /* Pods-apns_with_fcm_pushy.debug.xcconfig */,
				64AF56E1B9D85E2F581CB9B1 /* Pods-apns_with_fcm_pushy.release.xcconfig */,
				D10D42CC3EAC41C2A3555ECA /* Pods-apns_with_fcm_pushy-apns_with_fcm_pushyUITests.debug.xcconfig */,
				18E36CB51F4F4BD9EBAE9951 /* Pods-apns_with_fcm_pushy-apns_with_fcm_pushyUITests.release.xcconfig */,
				2699EB7FC2F762CFF6A74C01 /* Pods-apns_with_fcm_pushyTests.debug.xcconfig */,
				AD28C7BBD6562913A5F40E48 /* Pods-apns_with_fcm_pushyTests.release.xcconfig */,
			);
			name = Pods;
			path = Pods;
			sourceTree = "<group>";
		};
		EABFECBE7160EFCA9F763CE6 /* Frameworks */ = {
			isa = PBXGroup;
			children = (
				D65022235A28AA9FEFE051F7 /* Pods_apns_with_fcm_pushy.framework */,
				550D6AAF8E2C9FF37B32122C /* Pods_apns_with_fcm_pushy_apns_with_fcm_pushyUITests.framework */,
				B2442FDFDB2154D1EAB429FD /* Pods_apns_with_fcm_pushyTests.framework */,
			);
			name = Frameworks;
			sourceTree = "<group>";
		};
/* End PBXGroup section */

/* Begin PBXNativeTarget section */
		84BD77322DACC60A0076E97A /* apns_with_fcm_pushy */ = {
			isa = PBXNativeTarget;
			buildConfigurationList = 84BD775C2DACC60C0076E97A /* Build configuration list for PBXNativeTarget "apns_with_fcm_pushy" */;
			buildPhases = (
				23A4310119E6EC26EB399C8A /* [CP] Check Pods Manifest.lock */,
				84BD772F2DACC60A0076E97A /* Sources */,
				84BD77302DACC60A0076E97A /* Frameworks */,
				84BD77312DACC60A0076E97A /* Resources */,
				2E74950152731B8DCF355DA4 /* [CP] Embed Pods Frameworks */,
			);
			buildRules = (
			);
			dependencies = (
			);
			fileSystemSynchronizedGroups = (
				84BD77352DACC60A0076E97A /* apns_with_fcm_pushy */,
			);
			name = apns_with_fcm_pushy;
			productName = apns_with_fcm_pushy;
			productReference = 84BD77332DACC60A0076E97A /* apns_with_fcm_pushy.app */;
			productType = "com.apple.product-type.application";
		};
		84BD77482DACC60C0076E97A /* apns_with_fcm_pushyTests */ = {
			isa = PBXNativeTarget;
			buildConfigurationList = 84BD77612DACC60C0076E97A /* Build configuration list for PBXNativeTarget "apns_with_fcm_pushyTests" */;
			buildPhases = (
				FDA454D97EB12049ED8D7698 /* [CP] Check Pods Manifest.lock */,
				84BD77452DACC60C0076E97A /* Sources */,
				84BD77462DACC60C0076E97A /* Frameworks */,
				84BD77472DACC60C0076E97A /* Resources */,
			);
			buildRules = (
			);
			dependencies = (
				84BD774B2DACC60C0076E97A /* PBXTargetDependency */,
			);
			fileSystemSynchronizedGroups = (
				84BD774C2DACC60C0076E97A /* apns_with_fcm_pushyTests */,
			);
			name = apns_with_fcm_pushyTests;
			productName = apns_with_fcm_pushyTests;
			productReference = 84BD77492DACC60C0076E97A /* apns_with_fcm_pushyTests.xctest */;
			productType = "com.apple.product-type.bundle.unit-test";
		};
		84BD77522DACC60C0076E97A /* apns_with_fcm_pushyUITests */ = {
			isa = PBXNativeTarget;
			buildConfigurationList = 84BD77642DACC60C0076E97A /* Build configuration list for PBXNativeTarget "apns_with_fcm_pushyUITests" */;
			buildPhases = (
				FD9AF2B8F093B82E16536CCC /* [CP] Check Pods Manifest.lock */,
				84BD774F2DACC60C0076E97A /* Sources */,
				84BD77502DACC60C0076E97A /* Frameworks */,
				84BD77512DACC60C0076E97A /* Resources */,
				20F07648C2ADE48087BFDB78 /* [CP] Embed Pods Frameworks */,
			);
			buildRules = (
			);
			dependencies = (
				84BD77552DACC60C0076E97A /* PBXTargetDependency */,
			);
			fileSystemSynchronizedGroups = (
				84BD77562DACC60C0076E97A /* apns_with_fcm_pushyUITests */,
			);
			name = apns_with_fcm_pushyUITests;
			productName = apns_with_fcm_pushyUITests;
			productReference = 84BD77532DACC60C0076E97A /* apns_with_fcm_pushyUITests.xctest */;
			productType = "com.apple.product-type.bundle.ui-testing";
		};
/* End PBXNativeTarget section */

/* Begin PBXProject section */
		84BD772B2DACC60A0076E97A /* Project object */ = {
			isa = PBXProject;
			attributes = {
				BuildIndependentTargetsInParallel = 1;
				LastSwiftUpdateCheck = 1630;
				LastUpgradeCheck = 1630;
				TargetAttributes = {
					84BD77322DACC60A0076E97A = {
						CreatedOnToolsVersion = 16.3;
					};
					84BD77482DACC60C0076E97A = {
						CreatedOnToolsVersion = 16.3;
						TestTargetID = 84BD77322DACC60A0076E97A;
					};
					84BD77522DACC60C0076E97A = {
						CreatedOnToolsVersion = 16.3;
						TestTargetID = 84BD77322DACC60A0076E97A;
					};
				};
			};
			buildConfigurationList = 84BD772E2DACC60A0076E97A /* Build configuration list for PBXProject "apns_with_fcm_pushy" */;
			developmentRegion = en;
			hasScannedForEncodings = 0;
			knownRegions = (
				en,
				Base,
			);
			mainGroup = 84BD772A2DACC60A0076E97A;
			minimizedProjectReferenceProxies = 1;
			preferredProjectObjectVersion = 77;
			productRefGroup = 84BD77342DACC60A0076E97A /* Products */;
			projectDirPath = "";
			projectRoot = "";
			targets = (
				84BD77322DACC60A0076E97A /* apns_with_fcm_pushy */,
				84BD77482DACC60C0076E97A /* apns_with_fcm_pushyTests */,
				84BD77522DACC60C0076E97A /* apns_with_fcm_pushyUITests */,
			);
		};
/* End PBXProject section */

/* Begin PBXResourcesBuildPhase section */
		84BD77312DACC60A0076E97A /* Resources */ = {
			isa = PBXResourcesBuildPhase;
			buildActionMask = 2147483647;
			files = (
			);
			runOnlyForDeploymentPostprocessing = 0;
		};
		84BD77472DACC60C0076E97A /* Resources */ = {
			isa = PBXResourcesBuildPhase;
			buildActionMask = 2147483647;
			files = (
			);
			runOnlyForDeploymentPostprocessing = 0;
		};
		84BD77512DACC60C0076E97A /* Resources */ = {
			isa = PBXResourcesBuildPhase;
			buildActionMask = 2147483647;
			files = (
			);
			runOnlyForDeploymentPostprocessing = 0;
		};
/* End PBXResourcesBuildPhase section */

/* Begin PBXShellScriptBuildPhase section */
		20F07648C2ADE48087BFDB78 /* [CP] Embed Pods Frameworks */ = {
			isa = PBXShellScriptBuildPhase;
			buildActionMask = 2147483647;
			files = (
			);
			inputFileListPaths = (
				"${PODS_ROOT}/Target Support Files/Pods-apns_with_fcm_pushy-apns_with_fcm_pushyUITests/Pods-apns_with_fcm_pushy-apns_with_fcm_pushyUITests-frameworks-${CONFIGURATION}-input-files.xcfilelist",
			);
			name = "[CP] Embed Pods Frameworks";
			outputFileListPaths = (
				"${PODS_ROOT}/Target Support Files/Pods-apns_with_fcm_pushy-apns_with_fcm_pushyUITests/Pods-apns_with_fcm_pushy-apns_with_fcm_pushyUITests-frameworks-${CONFIGURATION}-output-files.xcfilelist",
			);
			runOnlyForDeploymentPostprocessing = 0;
			shellPath = /bin/sh;
			shellScript = "\"${PODS_ROOT}/Target Support Files/Pods-apns_with_fcm_pushy-apns_with_fcm_pushyUITests/Pods-apns_with_fcm_pushy-apns_with_fcm_pushyUITests-frameworks.sh\"\n";
			showEnvVarsInLog = 0;
		};
		23A4310119E6EC26EB399C8A /* [CP] Check Pods Manifest.lock */ = {
			isa = PBXShellScriptBuildPhase;
			buildActionMask = 2147483647;
			files = (
			);
			inputFileListPaths = (
			);
			inputPaths = (
				"${PODS_PODFILE_DIR_PATH}/Podfile.lock",
				"${PODS_ROOT}/Manifest.lock",
			);
			name = "[CP] Check Pods Manifest.lock";
			outputFileListPaths = (
			);
			outputPaths = (
				"$(DERIVED_FILE_DIR)/Pods-apns_with_fcm_pushy-checkManifestLockResult.txt",
			);
			runOnlyForDeploymentPostprocessing = 0;
			shellPath = /bin/sh;
			shellScript = "diff \"${PODS_PODFILE_DIR_PATH}/Podfile.lock\" \"${PODS_ROOT}/Manifest.lock\" > /dev/null\nif [ $? != 0 ] ; then\n    # print error to STDERR\n    echo \"error: The sandbox is not in sync with the Podfile.lock. Run 'pod install' or update your CocoaPods installation.\" >&2\n    exit 1\nfi\n# This output is used by Xcode 'outputs' to avoid re-running this script phase.\necho \"SUCCESS\" > \"${SCRIPT_OUTPUT_FILE_0}\"\n";
			showEnvVarsInLog = 0;
		};
		2E74950152731B8DCF355DA4 /* [CP] Embed Pods Frameworks */ = {
			isa = PBXShellScriptBuildPhase;
			buildActionMask = 2147483647;
			files = (
			);
			inputFileListPaths = (
				"${PODS_ROOT}/Target Support Files/Pods-apns_with_fcm_pushy/Pods-apns_with_fcm_pushy-frameworks-${CONFIGURATION}-input-files.xcfilelist",
			);
			name = "[CP] Embed Pods Frameworks";
			outputFileListPaths = (
				"${PODS_ROOT}/Target Support Files/Pods-apns_with_fcm_pushy/Pods-apns_with_fcm_pushy-frameworks-${CONFIGURATION}-output-files.xcfilelist",
			);
			runOnlyForDeploymentPostprocessing = 0;
			shellPath = /bin/sh;
			shellScript = "\"${PODS_ROOT}/Target Support Files/Pods-apns_with_fcm_pushy/Pods-apns_with_fcm_pushy-frameworks.sh\"\n";
			showEnvVarsInLog = 0;
		};
		FD9AF2B8F093B82E16536CCC /* [CP] Check Pods Manifest.lock */ = {
			isa = PBXShellScriptBuildPhase;
			buildActionMask = 2147483647;
			files = (
			);
			inputFileListPaths = (
			);
			inputPaths = (
				"${PODS_PODFILE_DIR_PATH}/Podfile.lock",
				"${PODS_ROOT}/Manifest.lock",
			);
			name = "[CP] Check Pods Manifest.lock";
			outputFileListPaths = (
			);
			outputPaths = (
				"$(DERIVED_FILE_DIR)/Pods-apns_with_fcm_pushy-apns_with_fcm_pushyUITests-checkManifestLockResult.txt",
			);
			runOnlyForDeploymentPostprocessing = 0;
			shellPath = /bin/sh;
			shellScript = "diff \"${PODS_PODFILE_DIR_PATH}/Podfile.lock\" \"${PODS_ROOT}/Manifest.lock\" > /dev/null\nif [ $? != 0 ] ; then\n    # print error to STDERR\n    echo \"error: The sandbox is not in sync with the Podfile.lock. Run 'pod install' or update your CocoaPods installation.\" >&2\n    exit 1\nfi\n# This output is used by Xcode 'outputs' to avoid re-running this script phase.\necho \"SUCCESS\" > \"${SCRIPT_OUTPUT_FILE_0}\"\n";
			showEnvVarsInLog = 0;
		};
		FDA454D97EB12049ED8D7698 /* [CP] Check Pods Manifest.lock */ = {
			isa = PBXShellScriptBuildPhase;
			buildActionMask = 2147483647;
			files = (
			);
			inputFileListPaths = (
			);
			inputPaths = (
				"${PODS_PODFILE_DIR_PATH}/Podfile.lock",
				"${PODS_ROOT}/Manifest.lock",
			);
			name = "[CP] Check Pods Manifest.lock";
			outputFileListPaths = (
			);
			outputPaths = (
				"$(DERIVED_FILE_DIR)/Pods-apns_with_fcm_pushyTests-checkManifestLockResult.txt",
			);
			runOnlyForDeploymentPostprocessing = 0;
			shellPath = /bin/sh;
			shellScript = "diff \"${PODS_PODFILE_DIR_PATH}/Podfile.lock\" \"${PODS_ROOT}/Manifest.lock\" > /dev/null\nif [ $? != 0 ] ; then\n    # print error to STDERR\n    echo \"error: The sandbox is not in sync with the Podfile.lock. Run 'pod install' or update your CocoaPods installation.\" >&2\n    exit 1\nfi\n# This output is used by Xcode 'outputs' to avoid re-running this script phase.\necho \"SUCCESS\" > \"${SCRIPT_OUTPUT_FILE_0}\"\n";
			showEnvVarsInLog = 0;
		};
/* End PBXShellScriptBuildPhase section */

/* Begin PBXSourcesBuildPhase section */
		84BD772F2DACC60A0076E97A /* Sources */ = {
			isa = PBXSourcesBuildPhase;
			buildActionMask = 2147483647;
			files = (
			);
			runOnlyForDeploymentPostprocessing = 0;
		};
		84BD77452DACC60C0076E97A /* Sources */ = {
			isa = PBXSourcesBuildPhase;
			buildActionMask = 2147483647;
			files = (
			);
			runOnlyForDeploymentPostprocessing = 0;
		};
		84BD774F2DACC60C0076E97A /* Sources */ = {
			isa = PBXSourcesBuildPhase;
			buildActionMask = 2147483647;
			files = (
			);
			runOnlyForDeploymentPostprocessing = 0;
		};
/* End PBXSourcesBuildPhase section */

/* Begin PBXTargetDependency section */
		84BD774B2DACC60C0076E97A /* PBXTargetDependency */ = {
			isa = PBXTargetDependency;
			target = 84BD77322DACC60A0076E97A /* apns_with_fcm_pushy */;
			targetProxy = 84BD774A2DACC60C0076E97A /* PBXContainerItemProxy */;
		};
		84BD77552DACC60C0076E97A /* PBXTargetDependency */ = {
			isa = PBXTargetDependency;
			target = 84BD77322DACC60A0076E97A /* apns_with_fcm_pushy */;
			targetProxy = 84BD77542DACC60C0076E97A /* PBXContainerItemProxy */;
		};
/* End PBXTargetDependency section */

/* Begin XCBuildConfiguration section */
		84BD775D2DACC60C0076E97A /* Debug */ = {
			isa = XCBuildConfiguration;
			baseConfigurationReference = 409FE57AA59D0343AB23061E /* Pods-apns_with_fcm_pushy.debug.xcconfig */;
			buildSettings = {
				ASSETCATALOG_COMPILER_APPICON_NAME = AppIcon;
				ASSETCATALOG_COMPILER_GLOBAL_ACCENT_COLOR_NAME = AccentColor;
				CODE_SIGN_STYLE = Automatic;
				CURRENT_PROJECT_VERSION = 1;
				DEVELOPMENT_TEAM = 74U32DPQ4T;
				GENERATE_INFOPLIST_FILE = YES;
				INFOPLIST_FILE = apns_with_fcm_pushy/Info.plist;
				INFOPLIST_KEY_UIApplicationSupportsIndirectInputEvents = YES;
				INFOPLIST_KEY_UILaunchStoryboardName = LaunchScreen;
				INFOPLIST_KEY_UIMainStoryboardFile = Main;
				INFOPLIST_KEY_UISupportedInterfaceOrientations_iPad = "UIInterfaceOrientationPortrait UIInterfaceOrientationPortraitUpsideDown UIInterfaceOrientationLandscapeLeft UIInterfaceOrientationLandscapeRight";
				INFOPLIST_KEY_UISupportedInterfaceOrientations_iPhone = "UIInterfaceOrientationPortrait UIInterfaceOrientationLandscapeLeft UIInterfaceOrientationLandscapeRight";
				LD_RUNPATH_SEARCH_PATHS = (
					"$(inherited)",
					"@executable_path/Frameworks",
				);
				MARKETING_VERSION = 1.0;
				PRODUCT_BUNDLE_IDENTIFIER = "abc.apns-with-fcm-pushy";
				PRODUCT_NAME = "$(TARGET_NAME)";
				SWIFT_EMIT_LOC_STRINGS = YES;
				SWIFT_VERSION = 5.0;
				TARGETED_DEVICE_FAMILY = "1,2";
			};
			name = Debug;
		};
		84BD775E2DACC60C0076E97A /* Release */ = {
			isa = XCBuildConfiguration;
			baseConfigurationReference = 64AF56E1B9D85E2F581CB9B1 /* Pods-apns_with_fcm_pushy.release.xcconfig */;
			buildSettings = {
				ASSETCATALOG_COMPILER_APPICON_NAME = AppIcon;
				ASSETCATALOG_COMPILER_GLOBAL_ACCENT_COLOR_NAME = AccentColor;
				CODE_SIGN_STYLE = Automatic;
				CURRENT_PROJECT_VERSION = 1;
				DEVELOPMENT_TEAM = 74U32DPQ4T;
				GENERATE_INFOPLIST_FILE = YES;
				INFOPLIST_FILE = apns_with_fcm_pushy/Info.plist;
				INFOPLIST_KEY_UIApplicationSupportsIndirectInputEvents = YES;
				INFOPLIST_KEY_UILaunchStoryboardName = LaunchScreen;
				INFOPLIST_KEY_UIMainStoryboardFile = Main;
				INFOPLIST_KEY_UISupportedInterfaceOrientations_iPad = "UIInterfaceOrientationPortrait UIInterfaceOrientationPortraitUpsideDown UIInterfaceOrientationLandscapeLeft UIInterfaceOrientationLandscapeRight";
				INFOPLIST_KEY_UISupportedInterfaceOrientations_iPhone = "UIInterfaceOrientationPortrait UIInterfaceOrientationLandscapeLeft UIInterfaceOrientationLandscapeRight";
				LD_RUNPATH_SEARCH_PATHS = (
					"$(inherited)",
					"@executable_path/Frameworks",
				);
				MARKETING_VERSION = 1.0;
				PRODUCT_BUNDLE_IDENTIFIER = "abc.apns-with-fcm-pushy";
				PRODUCT_NAME = "$(TARGET_NAME)";
				SWIFT_EMIT_LOC_STRINGS = YES;
				SWIFT_VERSION = 5.0;
				TARGETED_DEVICE_FAMILY = "1,2";
			};
			name = Release;
		};
		84BD775F2DACC60C0076E97A /* Debug */ = {
			isa = XCBuildConfiguration;
			buildSettings = {
				ALWAYS_SEARCH_USER_PATHS = NO;
				ASSETCATALOG_COMPILER_GENERATE_SWIFT_ASSET_SYMBOL_EXTENSIONS = YES;
				CLANG_ANALYZER_NONNULL = YES;
				CLANG_ANALYZER_NUMBER_OBJECT_CONVERSION = YES_AGGRESSIVE;
				CLANG_CXX_LANGUAGE_STANDARD = "gnu++20";
				CLANG_ENABLE_MODULES = YES;
				CLANG_ENABLE_OBJC_ARC = YES;
				CLANG_ENABLE_OBJC_WEAK = YES;
				CLANG_WARN_BLOCK_CAPTURE_AUTORELEASING = YES;
				CLANG_WARN_BOOL_CONVERSION = YES;
				CLANG_WARN_COMMA = YES;
				CLANG_WARN_CONSTANT_CONVERSION = YES;
				CLANG_WARN_DEPRECATED_OBJC_IMPLEMENTATIONS = YES;
				CLANG_WARN_DIRECT_OBJC_ISA_USAGE = YES_ERROR;
				CLANG_WARN_DOCUMENTATION_COMMENTS = YES;
				CLANG_WARN_EMPTY_BODY = YES;
				CLANG_WARN_ENUM_CONVERSION = YES;
				CLANG_WARN_INFINITE_RECURSION = YES;
				CLANG_WARN_INT_CONVERSION = YES;
				CLANG_WARN_NON_LITERAL_NULL_CONVERSION = YES;
				CLANG_WARN_OBJC_IMPLICIT_RETAIN_SELF = YES;
				CLANG_WARN_OBJC_LITERAL_CONVERSION = YES;
				CLANG_WARN_OBJC_ROOT_CLASS = YES_ERROR;
				CLANG_WARN_QUOTED_INCLUDE_IN_FRAMEWORK_HEADER = YES;
				CLANG_WARN_RANGE_LOOP_ANALYSIS = YES;
				CLANG_WARN_STRICT_PROTOTYPES = YES;
				CLANG_WARN_SUSPICIOUS_MOVE = YES;
				CLANG_WARN_UNGUARDED_AVAILABILITY = YES_AGGRESSIVE;
				CLANG_WARN_UNREACHABLE_CODE = YES;
				CLANG_WARN__DUPLICATE_METHOD_MATCH = YES;
				COPY_PHASE_STRIP = NO;
				DEBUG_INFORMATION_FORMAT = dwarf;
				DEVELOPMENT_TEAM = 74U32DPQ4T;
				ENABLE_STRICT_OBJC_MSGSEND = YES;
				ENABLE_TESTABILITY = YES;
				ENABLE_USER_SCRIPT_SANDBOXING = YES;
				GCC_C_LANGUAGE_STANDARD = gnu17;
				GCC_DYNAMIC_NO_PIC = NO;
				GCC_NO_COMMON_BLOCKS = YES;
				GCC_OPTIMIZATION_LEVEL = 0;
				GCC_PREPROCESSOR_DEFINITIONS = (
					"DEBUG=1",
					"$(inherited)",
				);
				GCC_WARN_64_TO_32_BIT_CONVERSION = YES;
				GCC_WARN_ABOUT_RETURN_TYPE = YES_ERROR;
				GCC_WARN_UNDECLARED_SELECTOR = YES;
				GCC_WARN_UNINITIALIZED_AUTOS = YES_AGGRESSIVE;
				GCC_WARN_UNUSED_FUNCTION = YES;
				GCC_WARN_UNUSED_VARIABLE = YES;
				IPHONEOS_DEPLOYMENT_TARGET = 18.4;
				LOCALIZATION_PREFERS_STRING_CATALOGS = YES;
				MTL_ENABLE_DEBUG_INFO = INCLUDE_SOURCE;
				MTL_FAST_MATH = YES;
				ONLY_ACTIVE_ARCH = YES;
				SDKROOT = iphoneos;
				SWIFT_ACTIVE_COMPILATION_CONDITIONS = "DEBUG $(inherited)";
				SWIFT_OPTIMIZATION_LEVEL = "-Onone";
			};
			name = Debug;
		};
		84BD77602DACC60C0076E97A /* Release */ = {
			isa = XCBuildConfiguration;
			buildSettings = {
				ALWAYS_SEARCH_USER_PATHS = NO;
				ASSETCATALOG_COMPILER_GENERATE_SWIFT_ASSET_SYMBOL_EXTENSIONS = YES;
				CLANG_ANALYZER_NONNULL = YES;
				CLANG_ANALYZER_NUMBER_OBJECT_CONVERSION = YES_AGGRESSIVE;
				CLANG_CXX_LANGUAGE_STANDARD = "gnu++20";
				CLANG_ENABLE_MODULES = YES;
				CLANG_ENABLE_OBJC_ARC = YES;
				CLANG_ENABLE_OBJC_WEAK = YES;
				CLANG_WARN_BLOCK_CAPTURE_AUTORELEASING = YES;
				CLANG_WARN_BOOL_CONVERSION = YES;
				CLANG_WARN_COMMA = YES;
				CLANG_WARN_CONSTANT_CONVERSION = YES;
				CLANG_WARN_DEPRECATED_OBJC_IMPLEMENTATIONS = YES;
				CLANG_WARN_DIRECT_OBJC_ISA_USAGE = YES_ERROR;
				CLANG_WARN_DOCUMENTATION_COMMENTS = YES;
				CLANG_WARN_EMPTY_BODY = YES;
				CLANG_WARN_ENUM_CONVERSION = YES;
				CLANG_WARN_INFINITE_RECURSION = YES;
				CLANG_WARN_INT_CONVERSION = YES;
				CLANG_WARN_NON_LITERAL_NULL_CONVERSION = YES;
				CLANG_WARN_OBJC_IMPLICIT_RETAIN_SELF = YES;
				CLANG_WARN_OBJC_LITERAL_CONVERSION = YES;
				CLANG_WARN_OBJC_ROOT_CLASS = YES_ERROR;
				CLANG_WARN_QUOTED_INCLUDE_IN_FRAMEWORK_HEADER = YES;
				CLANG_WARN_RANGE_LOOP_ANALYSIS = YES;
				CLANG_WARN_STRICT_PROTOTYPES = YES;
				CLANG_WARN_SUSPICIOUS_MOVE = YES;
				CLANG_WARN_UNGUARDED_AVAILABILITY = YES_AGGRESSIVE;
				CLANG_WARN_UNREACHABLE_CODE = YES;
				CLANG_WARN__DUPLICATE_METHOD_MATCH = YES;
				COPY_PHASE_STRIP = NO;
				DEBUG_INFORMATION_FORMAT = "dwarf-with-dsym";
				DEVELOPMENT_TEAM = 74U32DPQ4T;
				ENABLE_NS_ASSERTIONS = NO;
				ENABLE_STRICT_OBJC_MSGSEND = YES;
				ENABLE_USER_SCRIPT_SANDBOXING = YES;
				GCC_C_LANGUAGE_STANDARD = gnu17;
				GCC_NO_COMMON_BLOCKS = YES;
				GCC_WARN_64_TO_32_BIT_CONVERSION = YES;
				GCC_WARN_ABOUT_RETURN_TYPE = YES_ERROR;
				GCC_WARN_UNDECLARED_SELECTOR = YES;
				GCC_WARN_UNINITIALIZED_AUTOS = YES_AGGRESSIVE;
				GCC_WARN_UNUSED_FUNCTION = YES;
				GCC_WARN_UNUSED_VARIABLE = YES;
				IPHONEOS_DEPLOYMENT_TARGET = 18.4;
				LOCALIZATION_PREFERS_STRING_CATALOGS = YES;
				MTL_ENABLE_DEBUG_INFO = NO;
				MTL_FAST_MATH = YES;
				SDKROOT = iphoneos;
				SWIFT_COMPILATION_MODE = wholemodule;
				VALIDATE_PRODUCT = YES;
			};
			name = Release;
		};
		84BD77622DACC60C0076E97A /* Debug */ = {
			isa = XCBuildConfiguration;
			baseConfigurationReference = 2699EB7FC2F762CFF6A74C01 /* Pods-apns_with_fcm_pushyTests.debug.xcconfig */;
			buildSettings = {
				BUNDLE_LOADER = "$(TEST_HOST)";
				CODE_SIGN_STYLE = Automatic;
				CURRENT_PROJECT_VERSION = 1;
				DEVELOPMENT_TEAM = 74U32DPQ4T;
				GENERATE_INFOPLIST_FILE = YES;
				IPHONEOS_DEPLOYMENT_TARGET = 18.4;
				MARKETING_VERSION = 1.0;
				PRODUCT_BUNDLE_IDENTIFIER = "abc.apns-with-fcm-pushyTests";
				PRODUCT_NAME = "$(TARGET_NAME)";
				SWIFT_EMIT_LOC_STRINGS = NO;
				SWIFT_VERSION = 5.0;
				TARGETED_DEVICE_FAMILY = "1,2";
				TEST_HOST = "$(BUILT_PRODUCTS_DIR)/apns_with_fcm_pushy.app/$(BUNDLE_EXECUTABLE_FOLDER_PATH)/apns_with_fcm_pushy";
			};
			name = Debug;
		};
		84BD77632DACC60C0076E97A /* Release */ = {
			isa = XCBuildConfiguration;
			baseConfigurationReference = AD28C7BBD6562913A5F40E48 /* Pods-apns_with_fcm_pushyTests.release.xcconfig */;
			buildSettings = {
				BUNDLE_LOADER = "$(TEST_HOST)";
				CODE_SIGN_STYLE = Automatic;
				CURRENT_PROJECT_VERSION = 1;
				DEVELOPMENT_TEAM = 74U32DPQ4T;
				GENERATE_INFOPLIST_FILE = YES;
				IPHONEOS_DEPLOYMENT_TARGET = 18.4;
				MARKETING_VERSION = 1.0;
				PRODUCT_BUNDLE_IDENTIFIER = "abc.apns-with-fcm-pushyTests";
				PRODUCT_NAME = "$(TARGET_NAME)";
				SWIFT_EMIT_LOC_STRINGS = NO;
				SWIFT_VERSION = 5.0;
				TARGETED_DEVICE_FAMILY = "1,2";
				TEST_HOST = "$(BUILT_PRODUCTS_DIR)/apns_with_fcm_pushy.app/$(BUNDLE_EXECUTABLE_FOLDER_PATH)/apns_with_fcm_pushy";
			};
			name = Release;
		};
		84BD77652DACC60C0076E97A /* Debug */ = {
			isa = XCBuildConfiguration;
			baseConfigurationReference = D10D42CC3EAC41C2A3555ECA /* Pods-apns_with_fcm_pushy-apns_with_fcm_pushyUITests.debug.xcconfig */;
			buildSettings = {
				CODE_SIGN_STYLE = Automatic;
				CURRENT_PROJECT_VERSION = 1;
				DEVELOPMENT_TEAM = 74U32DPQ4T;
				GENERATE_INFOPLIST_FILE = YES;
				MARKETING_VERSION = 1.0;
				PRODUCT_BUNDLE_IDENTIFIER = "abc.apns-with-fcm-pushyUITests";
				PRODUCT_NAME = "$(TARGET_NAME)";
				SWIFT_EMIT_LOC_STRINGS = NO;
				SWIFT_VERSION = 5.0;
				TARGETED_DEVICE_FAMILY = "1,2";
				TEST_TARGET_NAME = apns_with_fcm_pushy;
			};
			name = Debug;
		};
		84BD77662DACC60C0076E97A /* Release */ = {
			isa = XCBuildConfiguration;
			baseConfigurationReference = 18E36CB51F4F4BD9EBAE9951 /* Pods-apns_with_fcm_pushy-apns_with_fcm_pushyUITests.release.xcconfig */;
			buildSettings = {
				CODE_SIGN_STYLE = Automatic;
				CURRENT_PROJECT_VERSION = 1;
				DEVELOPMENT_TEAM = 74U32DPQ4T;
				GENERATE_INFOPLIST_FILE = YES;
				MARKETING_VERSION = 1.0;
				PRODUCT_BUNDLE_IDENTIFIER = "abc.apns-with-fcm-pushyUITests";
				PRODUCT_NAME = "$(TARGET_NAME)";
				SWIFT_EMIT_LOC_STRINGS = NO;
				SWIFT_VERSION = 5.0;
				TARGETED_DEVICE_FAMILY = "1,2";
				TEST_TARGET_NAME = apns_with_fcm_pushy;
			};
			name = Release;
		};
/* End XCBuildConfiguration section */

/* Begin XCConfigurationList section */
		84BD772E2DACC60A0076E97A /* Build configuration list for PBXProject "apns_with_fcm_pushy" */ = {
			isa = XCConfigurationList;
			buildConfigurations = (
				84BD775F2DACC60C0076E97A /* Debug */,
				84BD77602DACC60C0076E97A /* Release */,
			);
			defaultConfigurationIsVisible = 0;
			defaultConfigurationName = Release;
		};
		84BD775C2DACC60C0076E97A /* Build configuration list for PBXNativeTarget "apns_with_fcm_pushy" */ = {
			isa = XCConfigurationList;
			buildConfigurations = (
				84BD775D2DACC60C0076E97A /* Debug */,
				84BD775E2DACC60C0076E97A /* Release */,
			);
			defaultConfigurationIsVisible = 0;
			defaultConfigurationName = Release;
		};
		84BD77612DACC60C0076E97A /* Build configuration list for PBXNativeTarget "apns_with_fcm_pushyTests" */ = {
			isa = XCConfigurationList;
			buildConfigurations = (
				84BD77622DACC60C0076E97A /* Debug */,
				84BD77632DACC60C0076E97A /* Release */,
			);
			defaultConfigurationIsVisible = 0;
			defaultConfigurationName = Release;
		};
		84BD77642DACC60C0076E97A /* Build configuration list for PBXNativeTarget "apns_with_fcm_pushyUITests" */ = {
			isa = XCConfigurationList;
			buildConfigurations = (
				84BD77652DACC60C0076E97A /* Debug */,
				84BD77662DACC60C0076E97A /* Release */,
			);
			defaultConfigurationIsVisible = 0;
			defaultConfigurationName = Release;
		};
/* End XCConfigurationList section */
	};
	rootObject = 84BD772B2DACC60A0076E97A /* Project object */;
}
